{
    "_readme": [
        "This file locks the dependencies of your project to a known state",
        "Read more about it at https://getcomposer.org/doc/01-basic-usage.md#composer-lock-the-lock-file",
        "This file is @generated automatically"
    ],
    "content-hash": "4877ad581df179b09a2c19643d79e134",
    "packages": [
        {
            "name": "paragonie/random_compat",
            "version": "v2.0.11",
            "source": {
                "type": "git",
                "url": "https://github.com/paragonie/random_compat.git",
                "reference": "5da4d3c796c275c55f057af5a643ae297d96b4d8"
            },
            "dist": {
                "type": "zip",
                "url": "https://api.github.com/repos/paragonie/random_compat/zipball/5da4d3c796c275c55f057af5a643ae297d96b4d8",
                "reference": "5da4d3c796c275c55f057af5a643ae297d96b4d8",
                "shasum": ""
            },
            "require": {
                "php": ">=5.2.0"
            },
            "require-dev": {
                "phpunit/phpunit": "4.*|5.*"
            },
            "suggest": {
                "ext-libsodium": "Provides a modern crypto API that can be used to generate random bytes."
            },
            "type": "library",
            "autoload": {
                "files": [
                    "lib/random.php"
                ]
            },
            "notification-url": "https://packagist.org/downloads/",
            "license": [
                "MIT"
            ],
            "authors": [
                {
                    "name": "Paragon Initiative Enterprises",
                    "email": "security@paragonie.com",
                    "homepage": "https://paragonie.com"
                }
            ],
            "description": "PHP 5.x polyfill for random_bytes() and random_int() from PHP 7",
            "keywords": [
                "csprng",
                "pseudorandom",
                "random"
            ],
            "time": "2017-09-27T21:40:39+00:00"
        },
        {
            "name": "socialconnect/auth",
            "version": "1.6.0",
            "source": {
                "type": "git",
                "url": "https://github.com/SocialConnect/auth.git",
                "reference": "f24cf124b27f53917840e386ea33483dbec1d208"
            },
            "dist": {
                "type": "zip",
                "url": "https://api.github.com/repos/SocialConnect/auth/zipball/f24cf124b27f53917840e386ea33483dbec1d208",
                "reference": "f24cf124b27f53917840e386ea33483dbec1d208",
                "shasum": ""
            },
            "require": {
                "ext-json": "*",
                "paragonie/random_compat": "^2.0",
                "php": ">=5.5",
                "socialconnect/common": "^1.0"
            },
            "replace": {
                "socialconnect/oauth1": "self.version",
                "socialconnect/oauth2": "self.version",
                "socialconnect/openid": "self.version",
                "socialconnect/openid-connect": "self.version",
                "socialconnect/provider": "self.version"
            },
            "require-dev": {
                "phpunit/phpunit": "~4.8.34",
                "squizlabs/php_codesniffer": "~3.0.1"
            },
            "type": "library",
            "autoload": {
                "psr-4": {
                    "SocialConnect\\": "src/"
                }
            },
            "notification-url": "https://packagist.org/downloads/",
            "license": [
                "MIT"
            ],
            "authors": [
                {
                    "name": "Dmitry Patsura",
                    "email": "talk@dmtry.me"
                }
            ],
            "description": "Social Connect Auth Component",
            "keywords": [
                "amazon",
                "auth",
                "bitbucket",
                "facebook",
                "github",
                "gitlab",
                "google",
                "login",
                "oauth",
                "slack",
                "socialconnect",
                "twitch",
                "twitter",
                "vk"
            ],
            "time": "2017-11-29T06:33:48+00:00"
        },
        {
            "name": "socialconnect/common",
            "version": "1.0.2",
            "source": {
                "type": "git",
                "url": "https://github.com/SocialConnect/common.git",
                "reference": "f966620c766ed237ddf782a67631847d09e4952d"
            },
            "dist": {
                "type": "zip",
                "url": "https://api.github.com/repos/SocialConnect/common/zipball/f966620c766ed237ddf782a67631847d09e4952d",
                "reference": "f966620c766ed237ddf782a67631847d09e4952d",
                "shasum": ""
            },
            "require": {
                "ext-json": "*",
                "php": ">=5.5"
            },
            "require-dev": {
                "doctrine/cache": "^1.5.1",
                "ext-curl": "*",
                "guzzlehttp/guzzle": "^5.3|^6.0",
                "phpunit/phpunit": "^4.2",
                "squizlabs/php_codesniffer": "^2.8"
            },
            "suggest": {
                "ext-curl": "Allows to use Http\\Client\\Curl",
                "guzzlehttp/guzzle": "Allows to use Http\\Client\\Guzzle, require guzzlehttp/guzzle:~5.3|~6.0."
            },
            "type": "library",
            "autoload": {
                "psr-4": {
                    "SocialConnect\\Common\\": "src/"
                }
            },
            "notification-url": "https://packagist.org/downloads/",
            "license": [
                "MIT"
            ],
            "authors": [
                {
                    "name": "Dmitry Patsura",
                    "email": "talk@dmtry.me"
                }
            ],
            "description": "Common component",
            "time": "2017-11-30T19:35:44+00:00"
        }
    ],
    "packages-dev": [],
    "aliases": [],
    "minimum-stability": "stable",
    "stability-flags": [],
    "prefer-stable": false,
    "prefer-lowest": false,
    "platform": [],
    "platform-dev": []
}
